// !$*UTF8*$!
{
	archiveVersion = 1;
	classes = {
	};
	objectVersion = 46;
	objects = {

/* Begin PBXBuildFile section */
		E1E22B2C1C645B0A006CD7C8 /* main.m in Sources */ = {isa = PBXBuildFile; fileRef = E1E22B2B1C645B0A006CD7C8 /* main.m */; };
		E1E22B2F1C645B0A006CD7C8 /* AppDelegate.m in Sources */ = {isa = PBXBuildFile; fileRef = E1E22B2E1C645B0A006CD7C8 /* AppDelegate.m */; };
		E1E22B321C645B0A006CD7C8 /* ViewController.m in Sources */ = {isa = PBXBuildFile; fileRef = E1E22B311C645B0A006CD7C8 /* ViewController.m */; };
		E1E22B351C645B0A006CD7C8 /* Main.storyboard in Resources */ = {isa = PBXBuildFile; fileRef = E1E22B331C645B0A006CD7C8 /* Main.storyboard */; };
		E1E22B371C645B0A006CD7C8 /* Assets.xcassets in Resources */ = {isa = PBXBuildFile; fileRef = E1E22B361C645B0A006CD7C8 /* Assets.xcassets */; };
		E1E22B3A1C645B0A006CD7C8 /* LaunchScreen.storyboard in Resources */ = {isa = PBXBuildFile; fileRef = E1E22B381C645B0A006CD7C8 /* LaunchScreen.storyboard */; };
		E1E22B451C645B0A006CD7C8 /* zapposCalculatorTests.m in Sources */ = {isa = PBXBuildFile; fileRef = E1E22B441C645B0A006CD7C8 /* zapposCalculatorTests.m */; };
		E1E22B501C645B0A006CD7C8 /* zapposCalculatorUITests.m in Sources */ = {isa = PBXBuildFile; fileRef = E1E22B4F1C645B0A006CD7C8 /* zapposCalculatorUITests.m */; };
/* End PBXBuildFile section */

/* Begin PBXContainerItemProxy section */
		E1E22B411C645B0A006CD7C8 /* PBXContainerItemProxy */ = {
			isa = PBXContainerItemProxy;
			containerPortal = E1E22B1F1C645B0A006CD7C8 /* Project object */;
			proxyType = 1;
			remoteGlobalIDString = E1E22B261C645B0A006CD7C8;
			remoteInfo = zapposCalculator;
		};
		E1E22B4C1C645B0A006CD7C8 /* PBXContainerItemProxy */ = {
			isa = PBXContainerItemProxy;
			containerPortal = E1E22B1F1C645B0A006CD7C8 /* Project object */;
			proxyType = 1;
			remoteGlobalIDString = E1E22B261C645B0A006CD7C8;
			remoteInfo = zapposCalculator;
		};
/* End PBXContainerItemProxy section */

/* Begin PBXFileReference section */
		E1E22B271C645B0A006CD7C8 /* zapposCalculator.app */ = {isa = PBXFileReference; explicitFileType = wrapper.application; includeInIndex = 0; path = zapposCalculator.app; sourceTree = BUILT_PRODUCTS_DIR; };
		E1E22B2B1C645B0A006CD7C8 /* main.m */ = {isa = PBXFileReference; lastKnownFileType = sourcecode.c.objc; path = main.m; sourceTree = "<group>"; };
		E1E22B2D1C645B0A006CD7C8 /* AppDelegate.h */ = {isa = PBXFileReference; lastKnownFileType = sourcecode.c.h; path = AppDelegate.h; sourceTree = "<group>"; };
		E1E22B2E1C645B0A006CD7C8 /* AppDelegate.m */ = {isa = PBXFileReference; lastKnownFileType = sourcecode.c.objc; path = AppDelegate.m; sourceTree = "<group>"; };
		E1E22B301C645B0A006CD7C8 /* ViewController.h */ = {isa = PBXFileReference; lastKnownFileType = sourcecode.c.h; path = ViewController.h; sourceTree = "<group>"; };
		E1E22B311C645B0A006CD7C8 /* ViewController.m */ = {isa = PBXFileReference; lastKnownFileType = sourcecode.c.objc; path = ViewController.m; sourceTree = "<group>"; };
		E1E22B341C645B0A006CD7C8 /* Base */ = {isa = PBXFileReference; lastKnownFileType = file.storyboard; name = Base; path = Base.lproj/Main.storyboard; sourceTree = "<group>"; };
		E1E22B361C645B0A006CD7C8 /* Assets.xcassets */ = {isa = PBXFileReference; lastKnownFileType = folder.assetcatalog; path = Assets.xcassets; sourceTree = "<group>"; };
		E1E22B391C645B0A006CD7C8 /* Base */ = {isa = PBXFileReference; lastKnownFileType = file.storyboard; name = Base; path = Base.lproj/LaunchScreen.storyboard; sourceTree = "<group>"; };
		E1E22B3B1C645B0A006CD7C8 /* Info.plist */ = {isa = PBXFileReference; lastKnownFileType = text.plist.xml; path = Info.plist; sourceTree = "<group>"; };
		E1E22B401C645B0A006CD7C8 /* zapposCalculatorTests.xctest */ = {isa = PBXFileReference; explicitFileType = wrapper.cfbundle; includeInIndex = 0; path = zapposCalculatorTests.xctest; sourceTree = BUILT_PRODUCTS_DIR; };
		E1E22B441C645B0A006CD7C8 /* zapposCalculatorTests.m */ = {isa = PBXFileReference; lastKnownFileType = sourcecode.c.objc; path = zapposCalculatorTests.m; sourceTree = "<group>"; };
		E1E22B461C645B0A006CD7C8 /* Info.plist */ = {isa = PBXFileReference; lastKnownFileType = text.plist.xml; path = Info.plist; sourceTree = "<group>"; };
		E1E22B4B1C645B0A006CD7C8 /* zapposCalculatorUITests.xctest */ = {isa = PBXFileReference; explicitFileType = wrapper.cfbundle; includeInIndex = 0; path = zapposCalculatorUITests.xctest; sourceTree = BUILT_PRODUCTS_DIR; };
		E1E22B4F1C645B0A006CD7C8 /* zapposCalculatorUITests.m */ = {isa = PBXFileReference; lastKnownFileType = sourcecode.c.objc; path = zapposCalculatorUITests.m; sourceTree = "<group>"; };
		E1E22B511C645B0A006CD7C8 /* Info.plist */ = {isa = PBXFileReference; lastKnownFileType = text.plist.xml; path = Info.plist; sourceTree = "<group>"; };
/* End PBXFileReference section */

/* Begin PBXFrameworksBuildPhase section */
		E1E22B241C645B0A006CD7C8 /* Frameworks */ = {
			isa = PBXFrameworksBuildPhase;
			buildActionMask = 2147483647;
			files = (
			);
			runOnlyForDeploymentPostprocessing = 0;
		};
		E1E22B3D1C645B0A006CD7C8 /* Frameworks */ = {
			isa = PBXFrameworksBuildPhase;
			buildActionMask = 2147483647;
			files = (
			);
			runOnlyForDeploymentPostprocessing = 0;
		};
		E1E22B481C645B0A006CD7C8 /* Frameworks */ = {
			isa = PBXFrameworksBuildPhase;
			buildActionMask = 2147483647;
			files = (
			);
			runOnlyForDeploymentPostprocessing = 0;
		};
/* End PBXFrameworksBuildPhase section */

/* Begin PBXGroup section */
		E1E22B1E1C645B0A006CD7C8 = {
			isa = PBXGroup;
			children = (
				E1E22B291C645B0A006CD7C8 /* zapposCalculator */,
				E1E22B431C645B0A006CD7C8 /* zapposCalculatorTests */,
				E1E22B4E1C645B0A006CD7C8 /* zapposCalculatorUITests */,
				E1E22B281C645B0A006CD7C8 /* Products */,
			);
			sourceTree = "<group>";
		};
		E1E22B281C645B0A006CD7C8 /* Products */ = {
			isa = PBXGroup;
			children = (
				E1E22B271C645B0A006CD7C8 /* zapposCalculator.app */,
				E1E22B401C645B0A006CD7C8 /* zapposCalculatorTests.xctest */,
				E1E22B4B1C645B0A006CD7C8 /* zapposCalculatorUITests.xctest */,
			);
			name = Products;
			sourceTree = "<group>";
		};
		E1E22B291C645B0A006CD7C8 /* zapposCalculator */ = {
			isa = PBXGroup;
			children = (
				E1E22B2D1C645B0A006CD7C8 /* AppDelegate.h */,
				E1E22B2E1C645B0A006CD7C8 /* AppDelegate.m */,
				E1E22B301C645B0A006CD7C8 /* ViewController.h */,
				E1E22B311C645B0A006CD7C8 /* ViewController.m */,
				E1E22B331C645B0A006CD7C8 /* Main.storyboard */,
				E1E22B361C645B0A006CD7C8 /* Assets.xcassets */,
				E1E22B381C645B0A006CD7C8 /* LaunchScreen.storyboard */,
				E1E22B3B1C645B0A006CD7C8 /* Info.plist */,
				E1E22B2A1C645B0A006CD7C8 /* Supporting Files */,
			);
			path = zapposCalculator;
			sourceTree = "<group>";
		};
		E1E22B2A1C645B0A006CD7C8 /* Supporting Files */ = {
			isa = PBXGroup;
			children = (
				E1E22B2B1C645B0A006CD7C8 /* main.m */,
			);
			name = "Supporting Files";
			sourceTree = "<group>";
		};
		E1E22B431C645B0A006CD7C8 /* zapposCalculatorTests */ = {
			isa = PBXGroup;
			children = (
				E1E22B441C645B0A006CD7C8 /* zapposCalculatorTests.m */,
				E1E22B461C645B0A006CD7C8 /* Info.plist */,
			);
			path = zapposCalculatorTests;
			sourceTree = "<group>";
		};
		E1E22B4E1C645B0A006CD7C8 /* zapposCalculatorUITests */ = {
			isa = PBXGroup;
			children = (
				E1E22B4F1C645B0A006CD7C8 /* zapposCalculatorUITests.m */,
				E1E22B511C645B0A006CD7C8 /* Info.plist */,
			);
			path = zapposCalculatorUITests;
			sourceTree = "<group>";
		};
/* End PBXGroup section */

/* Begin PBXNativeTarget section */
		E1E22B261C645B0A006CD7C8 /* zapposCalculator */ = {
			isa = PBXNativeTarget;
			buildConfigurationList = E1E22B541C645B0A006CD7C8 /* Build configuration list for PBXNativeTarget "zapposCalculator" */;
			buildPhases = (
				E1E22B231C645B0A006CD7C8 /* Sources */,
				E1E22B241C645B0A006CD7C8 /* Frameworks */,
				E1E22B251C645B0A006CD7C8 /* Resources */,
			);
			buildRules = (
			);
			dependencies = (
			);
			name = zapposCalculator;
			productName = zapposCalculator;
			productReference = E1E22B271C645B0A006CD7C8 /* zapposCalculator.app */;
			productType = "com.apple.product-type.application";
		};
		E1E22B3F1C645B0A006CD7C8 /* zapposCalculatorTests */ = {
			isa = PBXNativeTarget;
			buildConfigurationList = E1E22B571C645B0A006CD7C8 /* Build configuration list for PBXNativeTarget "zapposCalculatorTests" */;
			buildPhases = (
				E1E22B3C1C645B0A006CD7C8 /* Sources */,
				E1E22B3D1C645B0A006CD7C8 /* Frameworks */,
				E1E22B3E1C645B0A006CD7C8 /* Resources */,
			);
			buildRules = (
			);
			dependencies = (
				E1E22B421C645B0A006CD7C8 /* PBXTargetDependency */,
			);
			name = zapposCalculatorTests;
			productName = zapposCalculatorTests;
			productReference = E1E22B401C645B0A006CD7C8 /* zapposCalculatorTests.xctest */;
			productType = "com.apple.product-type.bundle.unit-test";
		};
		E1E22B4A1C645B0A006CD7C8 /* zapposCalculatorUITests */ = {
			isa = PBXNativeTarget;
			buildConfigurationList = E1E22B5A1C645B0A006CD7C8 /* Build configuration list for PBXNativeTarget "zapposCalculatorUITests" */;
			buildPhases = (
				E1E22B471C645B0A006CD7C8 /* Sources */,
				E1E22B481C645B0A006CD7C8 /* Frameworks */,
				E1E22B491C645B0A006CD7C8 /* Resources */,
			);
			buildRules = (
			);
			dependencies = (
				E1E22B4D1C645B0A006CD7C8 /* PBXTargetDependency */,
			);
			name = zapposCalculatorUITests;
			productName = zapposCalculatorUITests;
			productReference = E1E22B4B1C645B0A006CD7C8 /* zapposCalculatorUITests.xctest */;
			productType = "com.apple.product-type.bundle.ui-testing";
		};
/* End PBXNativeTarget section */

/* Begin PBXProject section */
		E1E22B1F1C645B0A006CD7C8 /* Project object */ = {
			isa = PBXProject;
			attributes = {
				LastUpgradeCheck = 0720;
				ORGANIZATIONNAME = Saksham_Saini;
				TargetAttributes = {
					E1E22B261C645B0A006CD7C8 = {
						CreatedOnToolsVersion = 7.2.1;
						DevelopmentTeam = PG24E36HHC;
					};
					E1E22B3F1C645B0A006CD7C8 = {
						CreatedOnToolsVersion = 7.2.1;
						TestTargetID = E1E22B261C645B0A006CD7C8;
					};
					E1E22B4A1C645B0A006CD7C8 = {
						CreatedOnToolsVersion = 7.2.1;
						TestTargetID = E1E22B261C645B0A006CD7C8;
					};
				};
			};
			buildConfigurationList = E1E22B221C645B0A006CD7C8 /* Build configuration list for PBXProject "zapposCalculator" */;
			compatibilityVersion = "Xcode 3.2";
			developmentRegion = English;
			hasScannedForEncodings = 0;
			knownRegions = (
				en,
				Base,
			);
			mainGroup = E1E22B1E1C645B0A006CD7C8;
			productRefGroup = E1E22B281C645B0A006CD7C8 /* Products */;
			projectDirPath = "";
			projectRoot = "";
			targets = (
				E1E22B261C645B0A006CD7C8 /* zapposCalculator */,
				E1E22B3F1C645B0A006CD7C8 /* zapposCalculatorTests */,
				E1E22B4A1C645B0A006CD7C8 /* zapposCalculatorUITests */,
			);
		};
/* End PBXProject section */

/* Begin PBXResourcesBuildPhase section */
		E1E22B251C645B0A006CD7C8 /* Resources */ = {
			isa = PBXResourcesBuildPhase;
			buildActionMask = 2147483647;
			files = (
				E1E22B3A1C645B0A006CD7C8 /* LaunchScreen.storyboard in Resources */,
				E1E22B371C645B0A006CD7C8 /* Assets.xcassets in Resources */,
				E1E22B351C645B0A006CD7C8 /* Main.storyboard in Resources */,
			);
			runOnlyForDeploymentPostprocessing = 0;
		};
		E1E22B3E1C645B0A006CD7C8 /* Resources */ = {
			isa = PBXResourcesBuildPhase;
			buildActionMask = 2147483647;
			files = (
			);
			runOnlyForDeploymentPostprocessing = 0;
		};
		E1E22B491C645B0A006CD7C8 /* Resources */ = {
			isa = PBXResourcesBuildPhase;
			buildActionMask = 2147483647;
			files = (
			);
			runOnlyForDeploymentPostprocessing = 0;
		};
/* End PBXResourcesBuildPhase section */

/* Begin PBXSourcesBuildPhase section */
		E1E22B231C645B0A006CD7C8 /* Sources */ = {
			isa = PBXSourcesBuildPhase;
			buildActionMask = 2147483647;
			files = (
				E1E22B321C645B0A006CD7C8 /* ViewController.m in Sources */,
				E1E22B2F1C645B0A006CD7C8 /* AppDelegate.m in Sources */,
				E1E22B2C1C645B0A006CD7C8 /* main.m in Sources */,
			);
			runOnlyForDeploymentPostprocessing = 0;
		};
		E1E22B3C1C645B0A006CD7C8 /* Sources */ = {
			isa = PBXSourcesBuildPhase;
			buildActionMask = 2147483647;
			files = (
				E1E22B451C645B0A006CD7C8 /* zapposCalculatorTests.m in Sources */,
			);
			runOnlyForDeploymentPostprocessing = 0;
		};
		E1E22B471C645B0A006CD7C8 /* Sources */ = {
			isa = PBXSourcesBuildPhase;
			buildActionMask = 2147483647;
			files = (
				E1E22B501C645B0A006CD7C8 /* zapposCalculatorUITests.m in Sources */,
			);
			runOnlyForDeploymentPostprocessing = 0;
		};
/* End PBXSourcesBuildPhase section */

/* Begin PBXTargetDependency section */
		E1E22B421C645B0A006CD7C8 /* PBXTargetDependency */ = {
			isa = PBXTargetDependency;
			target = E1E22B261C645B0A006CD7C8 /* zapposCalculator */;
			targetProxy = E1E22B411C645B0A006CD7C8 /* PBXContainerItemProxy */;
		};
		E1E22B4D1C645B0A006CD7C8 /* PBXTargetDependency */ = {
			isa = PBXTargetDependency;
			target = E1E22B261C645B0A006CD7C8 /* zapposCalculator */;
			targetProxy = E1E22B4C1C645B0A006CD7C8 /* PBXContainerItemProxy */;
		};
/* End PBXTargetDependency section */

/* Begin PBXVariantGroup section */
		E1E22B331C645B0A006CD7C8 /* Main.storyboard */ = {
			isa = PBXVariantGroup;
			children = (
				E1E22B341C645B0A006CD7C8 /* Base */,
			);
			name = Main.storyboard;
			sourceTree = "<group>";
		};
		E1E22B381C645B0A006CD7C8 /* LaunchScreen.storyboard */ = {
			isa = PBXVariantGroup;
			children = (
				E1E22B391C645B0A006CD7C8 /* Base */,
			);
			name = LaunchScreen.storyboard;
			sourceTree = "<group>";
		};
/* End PBXVariantGroup section */

/* Begin XCBuildConfiguration section */
		E1E22B521C645B0A006CD7C8 /* Debug */ = {
			isa = XCBuildConfiguration;
			buildSettings = {
				ALWAYS_SEARCH_USER_PATHS = NO;
				CLANG_CXX_LANGUAGE_STANDARD = "gnu++0x";
				CLANG_CXX_LIBRARY = "libc++";
				CLANG_ENABLE_MODULES = YES;
				CLANG_ENABLE_OBJC_ARC = YES;
				CLANG_WARN_BOOL_CONVERSION = YES;
				CLANG_WARN_CONSTANT_CONVERSION = YES;
				CLANG_WARN_DIRECT_OBJC_ISA_USAGE = YES_ERROR;
				CLANG_WARN_EMPTY_BODY = YES;
				CLANG_WARN_ENUM_CONVERSION = YES;
				CLANG_WARN_INT_CONVERSION = YES;
				CLANG_WARN_OBJC_ROOT_CLASS = YES_ERROR;
				CLANG_WARN_UNREACHABLE_CODE = YES;
				CLANG_WARN__DUPLICATE_METHOD_MATCH = YES;
				"CODE_SIGN_IDENTITY[sdk=iphoneos*]" = "iPhone Developer";
				COPY_PHASE_STRIP = NO;
				DEBUG_INFORMATION_FORMAT = dwarf;
				ENABLE_STRICT_OBJC_MSGSEND = YES;
				ENABLE_TESTABILITY = YES;
				GCC_C_LANGUAGE_STANDARD = gnu99;
				GCC_DYNAMIC_NO_PIC = NO;
				GCC_NO_COMMON_BLOCKS = YES;
				GCC_OPTIMIZATION_LEVEL = 0;
				GCC_PREPROCESSOR_DEFINITIONS = (
					"DEBUG=1",
					"$(inherited)",
				);
				GCC_WARN_64_TO_32_BIT_CONVERSION = YES;
				GCC_WARN_ABOUT_RETURN_TYPE = YES_ERROR;
				GCC_WARN_UNDECLARED_SELECTOR = YES;
				GCC_WARN_UNINITIALIZED_AUTOS = YES_AGGRESSIVE;
				GCC_WARN_UNUSED_FUNCTION = YES;
				GCC_WARN_UNUSED_VARIABLE = YES;
				IPHONEOS_DEPLOYMENT_TARGET = 9.2;
				MTL_ENABLE_DEBUG_INFO = YES;
				ONLY_ACTIVE_ARCH = YES;
				SDKROOT = iphoneos;
				TARGETED_DEVICE_FAMILY = "1,2";
			};
			name = Debug;
		};
		E1E22B531C645B0A006CD7C8 /* Release */ = {
			isa = XCBuildConfiguration;
			buildSettings = {
				ALWAYS_SEARCH_USER_PATHS = NO;
				CLANG_CXX_LANGUAGE_STANDARD = "gnu++0x";
				CLANG_CXX_LIBRARY = "libc++";
				CLANG_ENABLE_MODULES = YES;
				CLANG_ENABLE_OBJC_ARC = YES;
				CLANG_WARN_BOOL_CONVERSION = YES;
				CLANG_WARN_CONSTANT_CONVERSION = YES;
				CLANG_WARN_DIRECT_OBJC_ISA_USAGE = YES_ERROR;
				CLANG_WARN_EMPTY_BODY = YES;
				CLANG_WARN_ENUM_CONVERSION = YES;
				CLANG_WARN_INT_CONVERSION = YES;
				CLANG_WARN_OBJC_ROOT_CLASS = YES_ERROR;
				CLANG_WARN_UNREACHABLE_CODE = YES;
				CLANG_WARN__DUPLICATE_METHOD_MATCH = YES;
				"CODE_SIGN_IDENTITY[sdk=iphoneos*]" = "iPhone Developer";
				COPY_PHASE_STRIP = NO;
				DEBUG_INFORMATION_FORMAT = "dwarf-with-dsym";
				ENABLE_NS_ASSERTIONS = NO;
				ENABLE_STRICT_OBJC_MSGSEND = YES;
				GCC_C_LANGUAGE_STANDARD = gnu99;
				GCC_NO_COMMON_BLOCKS = YES;
				GCC_WARN_64_TO_32_BIT_CONVERSION = YES;
				GCC_WARN_ABOUT_RETURN_TYPE = YES_ERROR;
				GCC_WARN_UNDECLARED_SELECTOR = YES;
				GCC_WARN_UNINITIALIZED_AUTOS = YES_AGGRESSIVE;
				GCC_WARN_UNUSED_FUNCTION = YES;
				GCC_WARN_UNUSED_VARIABLE = YES;
				IPHONEOS_DEPLOYMENT_TARGET = 9.2;
				MTL_ENABLE_DEBUG_INFO = NO;
				SDKROOT = iphoneos;
				TARGETED_DEVICE_FAMILY = "1,2";
				VALIDATE_PRODUCT = YES;
			};
			name = Release;
		};
		E1E22B551C645B0A006CD7C8 /* Debug */ = {
			isa = XCBuildConfiguration;
			buildSettings = {
				ASSETCATALOG_COMPILER_APPICON_NAME = AppIcon;
				CODE_SIGN_IDENTITY = "iPhone Developer";
				"CODE_SIGN_IDENTITY[sdk=iphoneos*]" = "iPhone Developer";
				INFOPLIST_FILE = zapposCalculator/Info.plist;
				LD_RUNPATH_SEARCH_PATHS = "$(inherited) @executable_path/Frameworks";
				PRODUCT_BUNDLE_IDENTIFIER = Saksham.zapposCalculator;
				PRODUCT_NAME = "$(TARGET_NAME)";
				PROVISIONING_PROFILE = "";
			};
			name = Debug;
		};
		E1E22B561C645B0A006CD7C8 /* Release */ = {
			isa = XCBuildConfiguration;
			buildSettings = {
				ASSETCATALOG_COMPILER_APPICON_NAME = AppIcon;
				CODE_SIGN_IDENTITY = "iPhone Developer";
				"CODE_SIGN_IDENTITY[sdk=iphoneos*]" = "iPhone Developer";
				INFOPLIST_FILE = zapposCalculator/Info.plist;
				LD_RUNPATH_SEARCH_PATHS = "$(inherited) @executable_path/Frameworks";
				PRODUCT_BUNDLE_IDENTIFIER = Saksham.zapposCalculator;
				PRODUCT_NAME = "$(TARGET_NAME)";
				PROVISIONING_PROFILE = "";
			};
			name = Release;
		};
		E1E22B581C645B0A006CD7C8 /* Debug */ = {
			isa = XCBuildConfiguration;
			buildSettings = {
				BUNDLE_LOADER = "$(TEST_HOST)";
				INFOPLIST_FILE = zapposCalculatorTests/Info.plist;
				LD_RUNPATH_SEARCH_PATHS = "$(inherited) @executable_path/Frameworks @loader_path/Frameworks";
				PRODUCT_BUNDLE_IDENTIFIER = Saksham.zapposCalculatorTests;
				PRODUCT_NAME = "$(TARGET_NAME)";
				TEST_HOST = "$(BUILT_PRODUCTS_DIR)/zapposCalculator.app/zapposCalculator";
			};
			name = Debug;
		};
		E1E22B591C645B0A006CD7C8 /* Release */ = {
			isa = XCBuildConfiguration;
			buildSettings = {
				BUNDLE_LOADER = "$(TEST_HOST)";
				INFOPLIST_FILE = zapposCalculatorTests/Info.plist;
				LD_RUNPATH_SEARCH_PATHS = "$(inherited) @executable_path/Frameworks @loader_path/Frameworks";
				PRODUCT_BUNDLE_IDENTIFIER = Saksham.zapposCalculatorTests;
				PRODUCT_NAME = "$(TARGET_NAME)";
				TEST_HOST = "$(BUILT_PRODUCTS_DIR)/zapposCalculator.app/zapposCalculator";
			};
			name = Release;
		};
		E1E22B5B1C645B0A006CD7C8 /* Debug */ = {
			isa = XCBuildConfiguration;
			buildSettings = {
				INFOPLIST_FILE = zapposCalculatorUITests/Info.plist;
				LD_RUNPATH_SEARCH_PATHS = "$(inherited) @executable_path/Frameworks @loader_path/Frameworks";
				PRODUCT_BUNDLE_IDENTIFIER = Saksham.zapposCalculatorUITests;
				PRODUCT_NAME = "$(TARGET_NAME)";
				TEST_TARGET_NAME = zapposCalculator;
				USES_XCTRUNNER = YES;
			};
			name = Debug;
		};
		E1E22B5C1C645B0A006CD7C8 /* Release */ = {
			isa = XCBuildConfiguration;
			buildSettings = {
				INFOPLIST_FILE = zapposCalculatorUITests/Info.plist;
				LD_RUNPATH_SEARCH_PATHS = "$(inherited) @executable_path/Frameworks @loader_path/Frameworks";
				PRODUCT_BUNDLE_IDENTIFIER = Saksham.zapposCalculatorUITests;
				PRODUCT_NAME = "$(TARGET_NAME)";
				TEST_TARGET_NAME = zapposCalculator;
				USES_XCTRUNNER = YES;
			};
			name = Release;
		};
/* End XCBuildConfiguration section */

/* Begin XCConfigurationList section */
		E1E22B221C645B0A006CD7C8 /* Build configuration list for PBXProject "zapposCalculator" */ = {
			isa = XCConfigurationList;
			buildConfigurations = (
				E1E22B521C645B0A006CD7C8 /* Debug */,
				E1E22B531C645B0A006CD7C8 /* Release */,
			);
			defaultConfigurationIsVisible = 0;
			defaultConfigurationName = Release;
		};
		E1E22B541C645B0A006CD7C8 /* Build configuration list for PBXNativeTarget "zapposCalculator" */ = {
			isa = XCConfigurationList;
			buildConfigurations = (
				E1E22B551C645B0A006CD7C8 /* Debug */,
				E1E22B561C645B0A006CD7C8 /* Release */,
			);
			defaultConfigurationIsVisible = 0;
		};
		E1E22B571C645B0A006CD7C8 /* Build configuration list for PBXNativeTarget "zapposCalculatorTests" */ = {
			isa = XCConfigurationList;
			buildConfigurations = (
				E1E22B581C645B0A006CD7C8 /* Debug */,
				E1E22B591C645B0A006CD7C8 /* Release */,
			);
			defaultConfigurationIsVisible = 0;
		};
		E1E22B5A1C645B0A006CD7C8 /* Build configuration list for PBXNativeTarget "zapposCalculatorUITests" */ = {
			isa = XCConfigurationList;
			buildConfigurations = (
				E1E22B5B1C645B0A006CD7C8 /* Debug */,
				E1E22B5C1C645B0A006CD7C8 /* Release */,
			);
			defaultConfigurationIsVisible = 0;
		};
/* End XCConfigurationList section */
	};
	rootObject = E1E22B1F1C645B0A006CD7C8 /* Project object */;
}
